{
  "nodes": {
    "clash-1_10": {
      "inputs": {
        "flake-compat": "flake-compat",
        "flake-utils": "flake-utils",
        "ghc-tcplugin-api": "ghc-tcplugin-api",
        "ghc-typelits-extra": "ghc-typelits-extra",
        "ghc-typelits-knownnat": "ghc-typelits-knownnat",
        "ghc-typelits-natnormalise": "ghc-typelits-natnormalise",
        "nixpkgs": "nixpkgs"
      },
      "locked": {
        "lastModified": 1776952304,
        "narHash": "sha256-n1si+4jq08gn5FfWeZDO0QM2EcKf11VUFFKQPhhqJWs=",
        "owner": "clash-lang",
        "repo": "clash-compiler",
        "rev": "2371b8708bd4474e6ac0e5988fd7e68b17bf1f69",
        "type": "github"
      },
      "original": {
        "owner": "clash-lang",
        "ref": "v1.10.0",
        "repo": "clash-compiler",
        "type": "github"
      }
    },
    "clash-1_8_5": {
      "inputs": {
        "flake-compat": "flake-compat_2",
        "flake-utils": "flake-utils_2",
        "ghc-tcplugins-extra": "ghc-tcplugins-extra",
        "ghc-typelits-extra": "ghc-typelits-extra_2",
        "ghc-typelits-knownnat": "ghc-typelits-knownnat_2",
        "ghc-typelits-natnormalise": "ghc-typelits-natnormalise_2",
        "nixpkgs": "nixpkgs_2"
      },
      "locked": {
        "lastModified": 1774438862,
        "narHash": "sha256-Cu3wLBtIahUuBI5N1WerU3aMBZyVqPzn18GjCaU7lHw=",
        "owner": "clash-lang",
        "repo": "clash-compiler",
        "rev": "50ec44fc22825acbf65bf0b2eb878eeae4121cdb",
        "type": "github"
      },
      "original": {
        "owner": "clash-lang",
        "ref": "v1.8.5",
        "repo": "clash-compiler",
        "type": "github"
      }
    },
    "clash-master": {
      "inputs": {
        "flake-compat": "flake-compat_3",
        "flake-utils": "flake-utils_3",
        "ghc-tcplugin-api": "ghc-tcplugin-api_2",
        "ghc-typelits-extra": "ghc-typelits-extra_3",
        "ghc-typelits-knownnat": "ghc-typelits-knownnat_3",
        "ghc-typelits-natnormalise": "ghc-typelits-natnormalise_3",
        "nixpkgs": "nixpkgs_3"
      },
      "locked": {
        "lastModified": 1785767389,
        "narHash": "sha256-QyvANNbS4GPoyNWcAV7XoFDh1tVwuMPShmGWHdHo93o=",
        "owner": "clash-lang",
        "repo": "clash-compiler",
        "rev": "b0e8027876d00358112b478828fab3f93fabe1db",
        "type": "github"
      },
      "original": {
        "owner": "clash-lang",
        "ref": "master",
        "repo": "clash-compiler",
        "type": "github"
      }
    },
    "flake-compat": {
      "flake": false,
      "locked": {
        "lastModified": 1767039857,
        "narHash": "sha256-vNpUSpF5Nuw8xvDLj2KCwwksIbjua2LZCqhV1LNRDns=",
        "owner": "edolstra",
        "repo": "flake-compat",
        "rev": "5edf11c44bc78a0d334f6334cdaf7d60d732daab",
        "type": "github"
      },
      "original": {
        "owner": "edolstra",
        "repo": "flake-compat",
        "type": "github"
      }
    },
    "flake-compat_2": {
      "flake": false,
      "locked": {
        "lastModified": 1767039857,
        "narHash": "sha256-vNpUSpF5Nuw8xvDLj2KCwwksIbjua2LZCqhV1LNRDns=",
        "owner": "edolstra",
        "repo": "flake-compat",
        "rev": "5edf11c44bc78a0d334f6334cdaf7d60d732daab",
        "type": "github"
      },
      "original": {
        "owner": "edolstra",
        "repo": "flake-compat",
        "type": "github"
      }
    },
    "flake-compat_3": {
      "flake": false,
      "locked": {
        "lastModified": 1767039857,
        "narHash": "sha256-vNpUSpF5Nuw8xvDLj2KCwwksIbjua2LZCqhV1LNRDns=",
        "owner": "edolstra",
        "repo": "flake-compat",
        "rev": "5edf11c44bc78a0d334f6334cdaf7d60d732daab",
        "type": "github"
      },
      "original": {
        "owner": "edolstra",
        "repo": "flake-compat",
        "type": "github"
      }
    },
    "flake-utils": {
      "inputs": {
        "systems": "systems"
      },
      "locked": {
        "lastModified": 1731533236,
        "narHash": "sha256-l0KFg5HjrsfsO/JpG+r7fRrqm12kzFHyUHqHCVpMMbI=",
        "owner": "numtide",
        "repo": "flake-utils",
        "rev": "11707dc2f618dd54ca8739b309ec4fc024de578b",
        "type": "github"
      },
      "original": {
        "owner": "numtide",
        "repo": "flake-utils",
        "type": "github"
      }
    },
    "flake-utils_2": {
      "inputs": {
        "systems": "systems_2"
      },
      "locked": {
        "lastModified": 1731533236,
        "narHash": "sha256-l0KFg5HjrsfsO/JpG+r7fRrqm12kzFHyUHqHCVpMMbI=",
        "owner": "numtide",
        "repo": "flake-utils",
        "rev": "11707dc2f618dd54ca8739b309ec4fc024de578b",
        "type": "github"
      },
      "original": {
        "owner": "numtide",
        "repo": "flake-utils",
        "type": "github"
      }
    },
    "flake-utils_3": {
      "inputs": {
        "systems": "systems_3"
      },
      "locked": {
        "lastModified": 1731533236,
        "narHash": "sha256-l0KFg5HjrsfsO/JpG+r7fRrqm12kzFHyUHqHCVpMMbI=",
        "owner": "numtide",
        "repo": "flake-utils",
        "rev": "11707dc2f618dd54ca8739b309ec4fc024de578b",
        "type": "github"
      },
      "original": {
        "owner": "numtide",
        "repo": "flake-utils",
        "type": "github"
      }
    },
    "ghc-tcplugin-api": {
      "flake": false,
      "locked": {
        "lastModified": 1768388673,
        "narHash": "sha256-3RriTela4iwbvHhF3UigmBOfxJv0+YQGAlXQbnXsX74=",
        "owner": "sheaf",
        "repo": "ghc-tcplugin-api",
        "rev": "c583750b5899846cb455f3fe2d58b3ba9bc910d0",
        "type": "github"
      },
      "original": {
        "owner": "sheaf",
        "repo": "ghc-tcplugin-api",
        "type": "github"
      }
    },
    "ghc-tcplugin-api_2": {
      "flake": false,
      "locked": {
        "lastModified": 1778583653,
        "narHash": "sha256-v31rd0V38e8kzl1V+u00FIsJT5xhQlQy27mlCOx+ITo=",
        "owner": "sheaf",
        "repo": "ghc-tcplugin-api",
        "rev": "5b4f056fb7ef361bcf3d882f2b541d07bd455274",
        "type": "github"
      },
      "original": {
        "owner": "sheaf",
        "repo": "ghc-tcplugin-api",
        "type": "github"
      }
    },
    "ghc-tcplugins-extra": {
      "flake": false,
      "locked": {
        "lastModified": 1768388673,
        "narHash": "sha256-3RriTela4iwbvHhF3UigmBOfxJv0+YQGAlXQbnXsX74=",
        "owner": "sheaf",
        "repo": "ghc-tcplugin-api",
        "rev": "c583750b5899846cb455f3fe2d58b3ba9bc910d0",
        "type": "github"
      },
      "original": {
        "owner": "clash-lang",
        "repo": "ghc-tcplugins-extra",
        "type": "github"
      }
    },
    "ghc-typelits-extra": {
      "flake": false,
      "locked": {
        "lastModified": 1773994244,
        "narHash": "sha256-BPOTj6Dqv2Nt+C47MCayXzItXRf3HC4f2kV7lnAjAEY=",
        "owner": "clash-lang",
        "repo": "ghc-typelits-extra",
        "rev": "1d38c49f456406937c5e9e3b3e382af6ccbff0e1",
        "type": "github"
      },
      "original": {
        "owner": "clash-lang",
        "repo": "ghc-typelits-extra",
        "type": "github"
      }
    },
    "ghc-typelits-extra_2": {
      "flake": false,
      "locked": {
        "lastModified": 1773994244,
        "narHash": "sha256-BPOTj6Dqv2Nt+C47MCayXzItXRf3HC4f2kV7lnAjAEY=",
        "owner": "clash-lang",
        "repo": "ghc-typelits-extra",
        "rev": "1d38c49f456406937c5e9e3b3e382af6ccbff0e1",
        "type": "github"
      },
      "original": {
        "owner": "clash-lang",
        "repo": "ghc-typelits-extra",
        "type": "github"
      }
    },
    "ghc-typelits-extra_3": {
      "flake": false,
      "locked": {
        "lastModified": 1778681768,
        "narHash": "sha256-uv5QIelvJbJ0JfWU+xXkBRhBq2yPAnjlsdRO+obgCJ0=",
        "owner": "clash-lang",
        "repo": "ghc-typelits-extra",
        "rev": "46413efa70451de45b88b7cf992e42d8c0ef3892",
        "type": "github"
      },
      "original": {
        "owner": "clash-lang",
        "repo": "ghc-typelits-extra",
        "type": "github"
      }
    },
    "ghc-typelits-knownnat": {
      "flake": false,
      "locked": {
        "lastModified": 1774000279,
        "narHash": "sha256-41mjxMsWHXmAS2bxYVsE3OOav3sWnwPbpP56aRDVUNU=",
        "owner": "clash-lang",
        "repo": "ghc-typelits-knownnat",
        "rev": "21fb8294266484b2e267f3850f5437e87d8b241f",
        "type": "github"
      },
      "original": {
        "owner": "clash-lang",
        "repo": "ghc-typelits-knownnat",
        "type": "github"
      }
    },
    "ghc-typelits-knownnat_2": {
      "flake": false,
      "locked": {
        "lastModified": 1774000279,
        "narHash": "sha256-41mjxMsWHXmAS2bxYVsE3OOav3sWnwPbpP56aRDVUNU=",
        "owner": "clash-lang",
        "repo": "ghc-typelits-knownnat",
        "rev": "21fb8294266484b2e267f3850f5437e87d8b241f",
        "type": "github"
      },
      "original": {
        "owner": "clash-lang",
        "repo": "ghc-typelits-knownnat",
        "type": "github"
      }
    },
    "ghc-typelits-knownnat_3": {
      "flake": false,
      "locked": {
        "lastModified": 1778679058,
        "narHash": "sha256-Bs6eovpLjo6svx2g2eb03VF9rpwtOKvjQ37eYWnU+/8=",
        "owner": "clash-lang",
        "repo": "ghc-typelits-knownnat",
        "rev": "1ccb90d574726f2efe573c19802a962ca47c2352",
        "type": "github"
      },
      "original": {
        "owner": "clash-lang",
        "repo": "ghc-typelits-knownnat",
        "type": "github"
      }
    },
    "ghc-typelits-natnormalise": {
      "flake": false,
      "locked": {
        "lastModified": 1773940027,
        "narHash": "sha256-MGdoDIOWAHk9IERWtGQhxB5AlBAVbmtCUouKJUv122g=",
        "owner": "clash-lang",
        "repo": "ghc-typelits-natnormalise",
        "rev": "5adf333887f5f9f00e47f69368a2b5e9705c9cbc",
        "type": "github"
      },
      "original": {
        "owner": "clash-lang",
        "repo": "ghc-typelits-natnormalise",
        "type": "github"
      }
    },
    "ghc-typelits-natnormalise_2": {
      "flake": false,
      "locked": {
        "lastModified": 1773940027,
        "narHash": "sha256-MGdoDIOWAHk9IERWtGQhxB5AlBAVbmtCUouKJUv122g=",
        "owner": "clash-lang",
        "repo": "ghc-typelits-natnormalise",
        "rev": "5adf333887f5f9f00e47f69368a2b5e9705c9cbc",
        "type": "github"
      },
      "original": {
        "owner": "clash-lang",
        "repo": "ghc-typelits-natnormalise",
        "type": "github"
      }
    },
    "ghc-typelits-natnormalise_3": {
      "flake": false,
      "locked": {
        "lastModified": 1778677210,
        "narHash": "sha256-HTYF1r3BQEHlsPn0OSSW+nTmF0AoOvoNfF3oRgS3fAo=",
        "owner": "clash-lang",
        "repo": "ghc-typelits-natnormalise",
        "rev": "76dc51382c1f51161af84bebdfed253103c7f7dd",
        "type": "github"
      },
      "original": {
        "owner": "clash-lang",
        "repo": "ghc-typelits-natnormalise",
        "type": "github"
      }
    },
    "mdbook-clash-1_10": {
      "inputs": {
        "clash-compiler": [
          "clash-1_10"
        ],
        "nixpkgs": [
          "mdbook-clash-1_10",
          "clash-compiler",
          "nixpkgs"
        ]
      },
      "locked": {
        "lastModified": 1785844505,
        "narHash": "sha256-VOoTfCY9TlNZdmiMhzxI4CnPlDs1s6yr/WWEPMb/DBo=",
        "owner": "clash-lang",
        "repo": "mdbook-clash",
        "rev": "47050a5d437e40ae19f2c1da09aad61e19d17816",
        "type": "github"
      },
      "original": {
        "owner": "clash-lang",
        "repo": "mdbook-clash",
        "type": "github"
      }
    },
    "mdbook-clash-1_8_5": {
      "inputs": {
        "clash-compiler": [
          "clash-1_8_5"
        ],
        "nixpkgs": [
          "mdbook-clash-1_8_5",
          "clash-compiler",
          "nixpkgs"
        ]
      },
      "locked": {
        "lastModified": 1785844505,
        "narHash": "sha256-VOoTfCY9TlNZdmiMhzxI4CnPlDs1s6yr/WWEPMb/DBo=",
        "owner": "clash-lang",
        "repo": "mdbook-clash",
        "rev": "47050a5d437e40ae19f2c1da09aad61e19d17816",
        "type": "github"
      },
      "original": {
        "owner": "clash-lang",
        "repo": "mdbook-clash",
        "type": "github"
      }
    },
    "mdbook-clash-master": {
      "inputs": {
        "clash-compiler": [
          "clash-master"
        ],
        "nixpkgs": [
          "mdbook-clash-master",
          "clash-compiler",
          "nixpkgs"
        ]
      },
      "locked": {
        "lastModified": 1785844505,
        "narHash": "sha256-VOoTfCY9TlNZdmiMhzxI4CnPlDs1s6yr/WWEPMb/DBo=",
        "owner": "clash-lang",
        "repo": "mdbook-clash",
        "rev": "47050a5d437e40ae19f2c1da09aad61e19d17816",
        "type": "github"
      },
      "original": {
        "owner": "clash-lang",
        "repo": "mdbook-clash",
        "type": "github"
      }
    },
    "nixpkgs": {
      "locked": {
        "lastModified": 1775888245,
        "narHash": "sha256-nwASzrRDD1JBEu/o8ekKYEXm/oJW6EMCzCRdrwcLe90=",
        "owner": "NixOS",
        "repo": "nixpkgs",
        "rev": "13043924aaa7375ce482ebe2494338e058282925",
        "type": "github"
      },
      "original": {
        "owner": "NixOS",
        "ref": "nixpkgs-unstable",
        "repo": "nixpkgs",
        "type": "github"
      }
    },
    "nixpkgs_2": {
      "locked": {
        "lastModified": 1773628058,
        "narHash": "sha256-hpXH0z3K9xv0fHaje136KY872VT2T5uwxtezlAskQgY=",
        "owner": "NixOS",
        "repo": "nixpkgs",
        "rev": "f8573b9c935cfaa162dd62cc9e75ae2db86f85df",
        "type": "github"
      },
      "original": {
        "owner": "NixOS",
        "ref": "nixpkgs-unstable",
        "repo": "nixpkgs",
        "type": "github"
      }
    },
    "nixpkgs_3": {
      "locked": {
        "lastModified": 1779877693,
        "narHash": "sha256-NOF9NAREhxr50bbBfVcVOq+ArCMSoe8dP79Pk2uyARk=",
        "owner": "NixOS",
        "repo": "nixpkgs",
        "rev": "4100e830e085863741bc69b156ec4ccd53ab5be0",
        "type": "github"
      },
      "original": {
        "owner": "NixOS",
        "ref": "nixpkgs-unstable",
        "repo": "nixpkgs",
        "type": "github"
      }
    },
    "root": {
      "inputs": {
        "clash-1_10": "clash-1_10",
        "clash-1_8_5": "clash-1_8_5",
        "clash-master": "clash-master",
        "mdbook-clash-1_10": "mdbook-clash-1_10",
        "mdbook-clash-1_8_5": "mdbook-clash-1_8_5",
        "mdbook-clash-master": "mdbook-clash-master",
        "nixpkgs": [
          "clash-1_10",
          "nixpkgs"
        ]
      }
    },
    "systems": {
      "locked": {
        "lastModified": 1681028828,
        "narHash": "sha256-Vy1rq5AaRuLzOxct8nz4T6wlgyUR7zLU309k9mBC768=",
        "owner": "nix-systems",
        "repo": "default",
        "rev": "da67096a3b9bf56a91d16901293e51ba5b49a27e",
        "type": "github"
      },
      "original": {
        "owner": "nix-systems",
        "repo": "default",
        "type": "github"
      }
    },
    "systems_2": {
      "locked": {
        "lastModified": 1681028828,
        "narHash": "sha256-Vy1rq5AaRuLzOxct8nz4T6wlgyUR7zLU309k9mBC768=",
        "owner": "nix-systems",
        "repo": "default",
        "rev": "da67096a3b9bf56a91d16901293e51ba5b49a27e",
        "type": "github"
      },
      "original": {
        "owner": "nix-systems",
        "repo": "default",
        "type": "github"
      }
    },
    "systems_3": {
      "locked": {
        "lastModified": 1681028828,
        "narHash": "sha256-Vy1rq5AaRuLzOxct8nz4T6wlgyUR7zLU309k9mBC768=",
        "owner": "nix-systems",
        "repo": "default",
        "rev": "da67096a3b9bf56a91d16901293e51ba5b49a27e",
        "type": "github"
      },
      "original": {
        "owner": "nix-systems",
        "repo": "default",
        "type": "github"
      }
    }
  },
  "root": "root",
  "version": 7
}
